// !$*UTF8*$!
{
	archiveVersion = 1;
	classes = {
	};
	objectVersion = 51;
	objects = {

/* Begin PBXBuildFile section */
		6645A30B25EF7DEC000B55A9 /* AppDelegate.swift in Sources */ = {isa = PBXBuildFile; fileRef = 6645A30A25EF7DEC000B55A9 /* AppDelegate.swift */; };
		6645A30D25EF7DEC000B55A9 /* SceneDelegate.swift in Sources */ = {isa = PBXBuildFile; fileRef = 6645A30C25EF7DEC000B55A9 /* SceneDelegate.swift */; };
		6645A30F25EF7DEC000B55A9 /* ViewController.swift in Sources */ = {isa = PBXBuildFile; fileRef = 6645A30E25EF7DEC000B55A9 /* ViewController.swift */; };
		6645A31225EF7DEC000B55A9 /* Main.storyboard in Resources */ = {isa = PBXBuildFile; fileRef = 6645A31025EF7DEC000B55A9 /* Main.storyboard */; };
		6645A31425EF7DF1000B55A9 /* Assets.xcassets in Resources */ = {isa = PBXBuildFile; fileRef = 6645A31325EF7DF1000B55A9 /* Assets.xcassets */; };
		6645A31725EF7DF1000B55A9 /* LaunchScreen.storyboard in Resources */ = {isa = PBXBuildFile; fileRef = 6645A31525EF7DF1000B55A9 /* LaunchScreen.storyboard */; };
		6645A32225EF7DF1000B55A9 /* Adam_20210303_SNPTests.swift in Sources */ = {isa = PBXBuildFile; fileRef = 6645A32125EF7DF1000B55A9 /* Adam_20210303_SNPTests.swift */; };
		6645A32D25EF7DF1000B55A9 /* Adam_20210303_SNPUITests.swift in Sources */ = {isa = PBXBuildFile; fileRef = 6645A32C25EF7DF1000B55A9 /* Adam_20210303_SNPUITests.swift */; };
		6645A34825EF8806000B55A9 /* SectionHeaderView.swift in Sources */ = {isa = PBXBuildFile; fileRef = 6645A34725EF8806000B55A9 /* SectionHeaderView.swift */; };
		6645A3F225F0A802000B55A9 /* SubViewController.swift in Sources */ = {isa = PBXBuildFile; fileRef = 6645A3F125F0A802000B55A9 /* SubViewController.swift */; };
		6645A3F725F0A8EF000B55A9 /* SubTableViewCell.swift in Sources */ = {isa = PBXBuildFile; fileRef = 6645A3F625F0A8EF000B55A9 /* SubTableViewCell.swift */; };
		98AE45696CA3A56A061EEBD8 /* Pods_Adam_20210303_SNP_Adam_20210303_SNPUITests.framework in Frameworks */ = {isa = PBXBuildFile; fileRef = 9448FCF92FB3B82DEE6B3E6B /* Pods_Adam_20210303_SNP_Adam_20210303_SNPUITests.framework */; };
		C5900F62087487823F637728 /* Pods_Adam_20210303_SNP.framework in Frameworks */ = {isa = PBXBuildFile; fileRef = A80EB5D213ECBC55112FEFEA /* Pods_Adam_20210303_SNP.framework */; };
		FE6CE153819D874B2A5772E0 /* Pods_Adam_20210303_SNPTests.framework in Frameworks */ = {isa = PBXBuildFile; fileRef = A386E1F39E98FF16AA209E5E /* Pods_Adam_20210303_SNPTests.framework */; };
/* End PBXBuildFile section */

/* Begin PBXContainerItemProxy section */
		6645A31E25EF7DF1000B55A9 /* PBXContainerItemProxy */ = {
			isa = PBXContainerItemProxy;
			containerPortal = 6645A2FF25EF7DEC000B55A9 /* Project object */;
			proxyType = 1;
			remoteGlobalIDString = 6645A30625EF7DEC000B55A9;
			remoteInfo = Adam_20210303_SNP;
		};
		6645A32925EF7DF1000B55A9 /* PBXContainerItemProxy */ = {
			isa = PBXContainerItemProxy;
			containerPortal = 6645A2FF25EF7DEC000B55A9 /* Project object */;
			proxyType = 1;
			remoteGlobalIDString = 6645A30625EF7DEC000B55A9;
			remoteInfo = Adam_20210303_SNP;
		};
/* End PBXContainerItemProxy section */

/* Begin PBXFileReference section */
		10B5475C8C9D641F747B0426 /* Pods-Adam_20210303_SNP.release.xcconfig */ = {isa = PBXFileReference; includeInIndex = 1; lastKnownFileType = text.xcconfig; name = "Pods-Adam_20210303_SNP.release.xcconfig"; path = "Target Support Files/Pods-Adam_20210303_SNP/Pods-Adam_20210303_SNP.release.xcconfig"; sourceTree = "<group>"; };
		2246D803736956BBBDEDECB2 /* Pods-Adam_20210303_SNP-Adam_20210303_SNPUITests.release.xcconfig */ = {isa = PBXFileReference; includeInIndex = 1; lastKnownFileType = text.xcconfig; name = "Pods-Adam_20210303_SNP-Adam_20210303_SNPUITests.release.xcconfig"; path = "Target Support Files/Pods-Adam_20210303_SNP-Adam_20210303_SNPUITests/Pods-Adam_20210303_SNP-Adam_20210303_SNPUITests.release.xcconfig"; sourceTree = "<group>"; };
		3AA842EAE2257FDB9265E97C /* Pods-Adam_20210303_SNPTests.release.xcconfig */ = {isa = PBXFileReference; includeInIndex = 1; lastKnownFileType = text.xcconfig; name = "Pods-Adam_20210303_SNPTests.release.xcconfig"; path = "Target Support Files/Pods-Adam_20210303_SNPTests/Pods-Adam_20210303_SNPTests.release.xcconfig"; sourceTree = "<group>"; };
		6645A30725EF7DEC000B55A9 /* Adam_20210303_SNP.app */ = {isa = PBXFileReference; explicitFileType = wrapper.application; includeInIndex = 0; path = Adam_20210303_SNP.app; sourceTree = BUILT_PRODUCTS_DIR; };
		6645A30A25EF7DEC000B55A9 /* AppDelegate.swift */ = {isa = PBXFileReference; lastKnownFileType = sourcecode.swift; path = AppDelegate.swift; sourceTree = "<group>"; };
		6645A30C25EF7DEC000B55A9 /* SceneDelegate.swift */ = {isa = PBXFileReference; lastKnownFileType = sourcecode.swift; path = SceneDelegate.swift; sourceTree = "<group>"; };
		6645A30E25EF7DEC000B55A9 /* ViewController.swift */ = {isa = PBXFileReference; lastKnownFileType = sourcecode.swift; path = ViewController.swift; sourceTree = "<group>"; };
		6645A31125EF7DEC000B55A9 /* Base */ = {isa = PBXFileReference; lastKnownFileType = file.storyboard; name = Base; path = Base.lproj/Main.storyboard; sourceTree = "<group>"; };
		6645A31325EF7DF1000B55A9 /* Assets.xcassets */ = {isa = PBXFileReference; lastKnownFileType = folder.assetcatalog; path = Assets.xcassets; sourceTree = "<group>"; };
		6645A31625EF7DF1000B55A9 /* Base */ = {isa = PBXFileReference; lastKnownFileType = file.storyboard; name = Base; path = Base.lproj/LaunchScreen.storyboard; sourceTree = "<group>"; };
		6645A31825EF7DF1000B55A9 /* Info.plist */ = {isa = PBXFileReference; lastKnownFileType = text.plist.xml; path = Info.plist; sourceTree = "<group>"; };
		6645A31D25EF7DF1000B55A9 /* Adam_20210303_SNPTests.xctest */ = {isa = PBXFileReference; explicitFileType = wrapper.cfbundle; includeInIndex = 0; path = Adam_20210303_SNPTests.xctest; sourceTree = BUILT_PRODUCTS_DIR; };
		6645A32125EF7DF1000B55A9 /* Adam_20210303_SNPTests.swift */ = {isa = PBXFileReference; lastKnownFileType = sourcecode.swift; path = Adam_20210303_SNPTests.swift; sourceTree = "<group>"; };
		6645A32325EF7DF1000B55A9 /* Info.plist */ = {isa = PBXFileReference; lastKnownFileType = text.plist.xml; path = Info.plist; sourceTree = "<group>"; };
		6645A32825EF7DF1000B55A9 /* Adam_20210303_SNPUITests.xctest */ = {isa = PBXFileReference; explicitFileType = wrapper.cfbundle; includeInIndex = 0; path = Adam_20210303_SNPUITests.xctest; sourceTree = BUILT_PRODUCTS_DIR; };
		6645A32C25EF7DF1000B55A9 /* Adam_20210303_SNPUITests.swift */ = {isa = PBXFileReference; lastKnownFileType = sourcecode.swift; path = Adam_20210303_SNPUITests.swift; sourceTree = "<group>"; };
		6645A32E25EF7DF1000B55A9 /* Info.plist */ = {isa = PBXFileReference; lastKnownFileType = text.plist.xml; path = Info.plist; sourceTree = "<group>"; };
		6645A34725EF8806000B55A9 /* SectionHeaderView.swift */ = {isa = PBXFileReference; lastKnownFileType = sourcecode.swift; path = SectionHeaderView.swift; sourceTree = "<group>"; };
		6645A3F125F0A802000B55A9 /* SubViewController.swift */ = {isa = PBXFileReference; lastKnownFileType = sourcecode.swift; path = SubViewController.swift; sourceTree = "<group>"; };
		6645A3F625F0A8EF000B55A9 /* SubTableViewCell.swift */ = {isa = PBXFileReference; lastKnownFileType = sourcecode.swift; path = SubTableViewCell.swift; sourceTree = "<group>"; };
		7C4E025A10A13E57E827BBE0 /* Pods-Adam_20210303_SNP-Adam_20210303_SNPUITests.debug.xcconfig */ = {isa = PBXFileReference; includeInIndex = 1; lastKnownFileType = text.xcconfig; name = "Pods-Adam_20210303_SNP-Adam_20210303_SNPUITests.debug.xcconfig"; path = "Target Support Files/Pods-Adam_20210303_SNP-Adam_20210303_SNPUITests/Pods-Adam_20210303_SNP-Adam_20210303_SNPUITests.debug.xcconfig"; sourceTree = "<group>"; };
		9448FCF92FB3B82DEE6B3E6B /* Pods_Adam_20210303_SNP_Adam_20210303_SNPUITests.framework */ = {isa = PBXFileReference; explicitFileType = wrapper.framework; includeInIndex = 0; path = Pods_Adam_20210303_SNP_Adam_20210303_SNPUITests.framework; sourceTree = BUILT_PRODUCTS_DIR; };
		96E1BB3B8E18F782E916C9BB /* Pods-Adam_20210303_SNP.debug.xcconfig */ = {isa = PBXFileReference; includeInIndex = 1; lastKnownFileType = text.xcconfig; name = "Pods-Adam_20210303_SNP.debug.xcconfig"; path = "Target Support Files/Pods-Adam_20210303_SNP/Pods-Adam_20210303_SNP.debug.xcconfig"; sourceTree = "<group>"; };
		A386E1F39E98FF16AA209E5E /* Pods_Adam_20210303_SNPTests.framework */ = {isa = PBXFileReference; explicitFileType = wrapper.framework; includeInIndex = 0; path = Pods_Adam_20210303_SNPTests.framework; sourceTree = BUILT_PRODUCTS_DIR; };
		A80EB5D213ECBC55112FEFEA /* Pods_Adam_20210303_SNP.framework */ = {isa = PBXFileReference; explicitFileType = wrapper.framework; includeInIndex = 0; path = Pods_Adam_20210303_SNP.framework; sourceTree = BUILT_PRODUCTS_DIR; };
		D76A9E7F587C935970FA60B3 /* Pods-Adam_20210303_SNPTests.debug.xcconfig */ = {isa = PBXFileReference; includeInIndex = 1; lastKnownFileType = text.xcconfig; name = "Pods-Adam_20210303_SNPTests.debug.xcconfig"; path = "Target Support Files/Pods-Adam_20210303_SNPTests/Pods-Adam_20210303_SNPTests.debug.xcconfig"; sourceTree = "<group>"; };
/* End PBXFileReference section */

/* Begin PBXFrameworksBuildPhase section */
		6645A30425EF7DEC000B55A9 /* Frameworks */ = {
			isa = PBXFrameworksBuildPhase;
			buildActionMask = 2147483647;
			files = (
				C5900F62087487823F637728 /* Pods_Adam_20210303_SNP.framework in Frameworks */,
			);
			runOnlyForDeploymentPostprocessing = 0;
		};
		6645A31A25EF7DF1000B55A9 /* Frameworks */ = {
			isa = PBXFrameworksBuildPhase;
			buildActionMask = 2147483647;
			files = (
				FE6CE153819D874B2A5772E0 /* Pods_Adam_20210303_SNPTests.framework in Frameworks */,
			);
			runOnlyForDeploymentPostprocessing = 0;
		};
		6645A32525EF7DF1000B55A9 /* Frameworks */ = {
			isa = PBXFrameworksBuildPhase;
			buildActionMask = 2147483647;
			files = (
				98AE45696CA3A56A061EEBD8 /* Pods_Adam_20210303_SNP_Adam_20210303_SNPUITests.framework in Frameworks */,
			);
			runOnlyForDeploymentPostprocessing = 0;
		};
/* End PBXFrameworksBuildPhase section */

/* Begin PBXGroup section */
		3FF056525E46890499C45C6C /* Pods */ = {
			isa = PBXGroup;
			children = (
				96E1BB3B8E18F782E916C9BB /* Pods-Adam_20210303_SNP.debug.xcconfig */,
				10B5475C8C9D641F747B0426 /* Pods-Adam_20210303_SNP.release.xcconfig */,
				7C4E025A10A13E57E827BBE0 /* Pods-Adam_20210303_SNP-Adam_20210303_SNPUITests.debug.xcconfig */,
				2246D803736956BBBDEDECB2 /* Pods-Adam_20210303_SNP-Adam_20210303_SNPUITests.release.xcconfig */,
				D76A9E7F587C935970FA60B3 /* Pods-Adam_20210303_SNPTests.debug.xcconfig */,
				3AA842EAE2257FDB9265E97C /* Pods-Adam_20210303_SNPTests.release.xcconfig */,
			);
			path = Pods;
			sourceTree = "<group>";
		};
		6645A2FE25EF7DEC000B55A9 = {
			isa = PBXGroup;
			children = (
				6645A30925EF7DEC000B55A9 /* Adam_20210303_SNP */,
				6645A32025EF7DF1000B55A9 /* Adam_20210303_SNPTests */,
				6645A32B25EF7DF1000B55A9 /* Adam_20210303_SNPUITests */,
				6645A30825EF7DEC000B55A9 /* Products */,
				3FF056525E46890499C45C6C /* Pods */,
				DB2150C2D2A65248F749ED89 /* Frameworks */,
			);
			sourceTree = "<group>";
		};
		6645A30825EF7DEC000B55A9 /* Products */ = {
			isa = PBXGroup;
			children = (
				6645A30725EF7DEC000B55A9 /* Adam_20210303_SNP.app */,
				6645A31D25EF7DF1000B55A9 /* Adam_20210303_SNPTests.xctest */,
				6645A32825EF7DF1000B55A9 /* Adam_20210303_SNPUITests.xctest */,
			);
			name = Products;
			sourceTree = "<group>";
		};
		6645A30925EF7DEC000B55A9 /* Adam_20210303_SNP */ = {
			isa = PBXGroup;
			children = (
				6645A30A25EF7DEC000B55A9 /* AppDelegate.swift */,
				6645A30C25EF7DEC000B55A9 /* SceneDelegate.swift */,
				6645A30E25EF7DEC000B55A9 /* ViewController.swift */,
				6645A3F125F0A802000B55A9 /* SubViewController.swift */,
				6645A3F625F0A8EF000B55A9 /* SubTableViewCell.swift */,
				6645A34725EF8806000B55A9 /* SectionHeaderView.swift */,
				6645A31025EF7DEC000B55A9 /* Main.storyboard */,
				6645A31325EF7DF1000B55A9 /* Assets.xcassets */,
				6645A31525EF7DF1000B55A9 /* LaunchScreen.storyboard */,
				6645A31825EF7DF1000B55A9 /* Info.plist */,
			);
			path = Adam_20210303_SNP;
			sourceTree = "<group>";
		};
		6645A32025EF7DF1000B55A9 /* Adam_20210303_SNPTests */ = {
			isa = PBXGroup;
			children = (
				6645A32125EF7DF1000B55A9 /* Adam_20210303_SNPTests.swift */,
				6645A32325EF7DF1000B55A9 /* Info.plist */,
			);
			path = Adam_20210303_SNPTests;
			sourceTree = "<group>";
		};
		6645A32B25EF7DF1000B55A9 /* Adam_20210303_SNPUITests */ = {
			isa = PBXGroup;
			children = (
				6645A32C25EF7DF1000B55A9 /* Adam_20210303_SNPUITests.swift */,
				6645A32E25EF7DF1000B55A9 /* Info.plist */,
			);
			path = Adam_20210303_SNPUITests;
			sourceTree = "<group>";
		};
		DB2150C2D2A65248F749ED89 /* Frameworks */ = {
			isa = PBXGroup;
			children = (
				A80EB5D213ECBC55112FEFEA /* Pods_Adam_20210303_SNP.framework */,
				9448FCF92FB3B82DEE6B3E6B /* Pods_Adam_20210303_SNP_Adam_20210303_SNPUITests.framework */,
				A386E1F39E98FF16AA209E5E /* Pods_Adam_20210303_SNPTests.framework */,
			);
			name = Frameworks;
			sourceTree = "<group>";
		};
/* End PBXGroup section */

/* Begin PBXNativeTarget section */
		6645A30625EF7DEC000B55A9 /* Adam_20210303_SNP */ = {
			isa = PBXNativeTarget;
			buildConfigurationList = 6645A33125EF7DF1000B55A9 /* Build configuration list for PBXNativeTarget "Adam_20210303_SNP" */;
			buildPhases = (
				594BCA6D842EF1DBD925B658 /* [CP] Check Pods Manifest.lock */,
				6645A30325EF7DEC000B55A9 /* Sources */,
				6645A30425EF7DEC000B55A9 /* Frameworks */,
				6645A30525EF7DEC000B55A9 /* Resources */,
				7DB1D026266D52939FFA51A9 /* [CP] Embed Pods Frameworks */,
			);
			buildRules = (
			);
			dependencies = (
			);
			name = Adam_20210303_SNP;
			productName = Adam_20210303_SNP;
			productReference = 6645A30725EF7DEC000B55A9 /* Adam_20210303_SNP.app */;
			productType = "com.apple.product-type.application";
		};
		6645A31C25EF7DF1000B55A9 /* Adam_20210303_SNPTests */ = {
			isa = PBXNativeTarget;
			buildConfigurationList = 6645A33425EF7DF1000B55A9 /* Build configuration list for PBXNativeTarget "Adam_20210303_SNPTests" */;
			buildPhases = (
				7150E56B41CDB740DE3A4A7B /* [CP] Check Pods Manifest.lock */,
				6645A31925EF7DF1000B55A9 /* Sources */,
				6645A31A25EF7DF1000B55A9 /* Frameworks */,
				6645A31B25EF7DF1000B55A9 /* Resources */,
			);
			buildRules = (
			);
			dependencies = (
				6645A31F25EF7DF1000B55A9 /* PBXTargetDependency */,
			);
			name = Adam_20210303_SNPTests;
			productName = Adam_20210303_SNPTests;
			productReference = 6645A31D25EF7DF1000B55A9 /* Adam_20210303_SNPTests.xctest */;
			productType = "com.apple.product-type.bundle.unit-test";
		};
		6645A32725EF7DF1000B55A9 /* Adam_20210303_SNPUITests */ = {
			isa = PBXNativeTarget;
			buildConfigurationList = 6645A33725EF7DF1000B55A9 /* Build configuration list for PBXNativeTarget "Adam_20210303_SNPUITests" */;
			buildPhases = (
				F4C7D8E2C49441D54E62317F /* [CP] Check Pods Manifest.lock */,
				6645A32425EF7DF1000B55A9 /* Sources */,
				6645A32525EF7DF1000B55A9 /* Frameworks */,
				6645A32625EF7DF1000B55A9 /* Resources */,
				5C48F0CB71EAE352380F27AE /* [CP] Embed Pods Frameworks */,
			);
			buildRules = (
			);
			dependencies = (
				6645A32A25EF7DF1000B55A9 /* PBXTargetDependency */,
			);
			name = Adam_20210303_SNPUITests;
			productName = Adam_20210303_SNPUITests;
			productReference = 6645A32825EF7DF1000B55A9 /* Adam_20210303_SNPUITests.xctest */;
			productType = "com.apple.product-type.bundle.ui-testing";
		};
/* End PBXNativeTarget section */

/* Begin PBXProject section */
		6645A2FF25EF7DEC000B55A9 /* Project object */ = {
			isa = PBXProject;
			attributes = {
				LastSwiftUpdateCheck = 1230;
				LastUpgradeCheck = 1230;
				TargetAttributes = {
					6645A30625EF7DEC000B55A9 = {
						CreatedOnToolsVersion = 12.3;
					};
					6645A31C25EF7DF1000B55A9 = {
						CreatedOnToolsVersion = 12.3;
						TestTargetID = 6645A30625EF7DEC000B55A9;
					};
					6645A32725EF7DF1000B55A9 = {
						CreatedOnToolsVersion = 12.3;
						TestTargetID = 6645A30625EF7DEC000B55A9;
					};
				};
			};
			buildConfigurationList = 6645A30225EF7DEC000B55A9 /* Build configuration list for PBXProject "Adam_20210303_SNP" */;
			compatibilityVersion = "Xcode 9.3";
			developmentRegion = en;
			hasScannedForEncodings = 0;
			knownRegions = (
				en,
				Base,
			);
			mainGroup = 6645A2FE25EF7DEC000B55A9;
			productRefGroup = 6645A30825EF7DEC000B55A9 /* Products */;
			projectDirPath = "";
			projectRoot = "";
			targets = (
				6645A30625EF7DEC000B55A9 /* Adam_20210303_SNP */,
				6645A31C25EF7DF1000B55A9 /* Adam_20210303_SNPTests */,
				6645A32725EF7DF1000B55A9 /* Adam_20210303_SNPUITests */,
			);
		};
/* End PBXProject section */

/* Begin PBXResourcesBuildPhase section */
		6645A30525EF7DEC000B55A9 /* Resources */ = {
			isa = PBXResourcesBuildPhase;
			buildActionMask = 2147483647;
			files = (
				6645A31725EF7DF1000B55A9 /* LaunchScreen.storyboard in Resources */,
				6645A31425EF7DF1000B55A9 /* Assets.xcassets in Resources */,
				6645A31225EF7DEC000B55A9 /* Main.storyboard in Resources */,
			);
			runOnlyForDeploymentPostprocessing = 0;
		};
		6645A31B25EF7DF1000B55A9 /* Resources */ = {
			isa = PBXResourcesBuildPhase;
			buildActionMask = 2147483647;
			files = (
			);
			runOnlyForDeploymentPostprocessing = 0;
		};
		6645A32625EF7DF1000B55A9 /* Resources */ = {
			isa = PBXResourcesBuildPhase;
			buildActionMask = 2147483647;
			files = (
			);
			runOnlyForDeploymentPostprocessing = 0;
		};
/* End PBXResourcesBuildPhase section */

/* Begin PBXShellScriptBuildPhase section */
		594BCA6D842EF1DBD925B658 /* [CP] Check Pods Manifest.lock */ = {
			isa = PBXShellScriptBuildPhase;
			buildActionMask = 2147483647;
			files = (
			);
			inputFileListPaths = (
			);
			inputPaths = (
				"${PODS_PODFILE_DIR_PATH}/Podfile.lock",
				"${PODS_ROOT}/Manifest.lock",
			);
			name = "[CP] Check Pods Manifest.lock";
			outputFileListPaths = (
			);
			outputPaths = (
				"$(DERIVED_FILE_DIR)/Pods-Adam_20210303_SNP-checkManifestLockResult.txt",
			);
			runOnlyForDeploymentPostprocessing = 0;
			shellPath = /bin/sh;
			shellScript = "diff \"${PODS_PODFILE_DIR_PATH}/Podfile.lock\" \"${PODS_ROOT}/Manifest.lock\" > /dev/null\nif [ $? != 0 ] ; then\n    # print error to STDERR\n    echo \"error: The sandbox is not in sync with the Podfile.lock. Run 'pod install' or update your CocoaPods installation.\" >&2\n    exit 1\nfi\n# This output is used by Xcode 'outputs' to avoid re-running this script phase.\necho \"SUCCESS\" > \"${SCRIPT_OUTPUT_FILE_0}\"\n";
			showEnvVarsInLog = 0;
		};
		5C48F0CB71EAE352380F27AE /* [CP] Embed Pods Frameworks */ = {
			isa = PBXShellScriptBuildPhase;
			buildActionMask = 2147483647;
			files = (
			);
			inputFileListPaths = (
				"${PODS_ROOT}/Target Support Files/Pods-Adam_20210303_SNP-Adam_20210303_SNPUITests/Pods-Adam_20210303_SNP-Adam_20210303_SNPUITests-frameworks-${CONFIGURATION}-input-files.xcfilelist",
			);
			name = "[CP] Embed Pods Frameworks";
			outputFileListPaths = (
				"${PODS_ROOT}/Target Support Files/Pods-Adam_20210303_SNP-Adam_20210303_SNPUITests/Pods-Adam_20210303_SNP-Adam_20210303_SNPUITests-frameworks-${CONFIGURATION}-output-files.xcfilelist",
			);
			runOnlyForDeploymentPostprocessing = 0;
			shellPath = /bin/sh;
			shellScript = "\"${PODS_ROOT}/Target Support Files/Pods-Adam_20210303_SNP-Adam_20210303_SNPUITests/Pods-Adam_20210303_SNP-Adam_20210303_SNPUITests-frameworks.sh\"\n";
			showEnvVarsInLog = 0;
		};
		7150E56B41CDB740DE3A4A7B /* [CP] Check Pods Manifest.lock */ = {
			isa = PBXShellScriptBuildPhase;
			buildActionMask = 2147483647;
			files = (
			);
			inputFileListPaths = (
			);
			inputPaths = (
				"${PODS_PODFILE_DIR_PATH}/Podfile.lock",
				"${PODS_ROOT}/Manifest.lock",
			);
			name = "[CP] Check Pods Manifest.lock";
			outputFileListPaths = (
			);
			outputPaths = (
				"$(DERIVED_FILE_DIR)/Pods-Adam_20210303_SNPTests-checkManifestLockResult.txt",
			);
			runOnlyForDeploymentPostprocessing = 0;
			shellPath = /bin/sh;
			shellScript = "diff \"${PODS_PODFILE_DIR_PATH}/Podfile.lock\" \"${PODS_ROOT}/Manifest.lock\" > /dev/null\nif [ $? != 0 ] ; then\n    # print error to STDERR\n    echo \"error: The sandbox is not in sync with the Podfile.lock. Run 'pod install' or update your CocoaPods installation.\" >&2\n    exit 1\nfi\n# This output is used by Xcode 'outputs' to avoid re-running this script phase.\necho \"SUCCESS\" > \"${SCRIPT_OUTPUT_FILE_0}\"\n";
			showEnvVarsInLog = 0;
		};
		7DB1D026266D52939FFA51A9 /* [CP] Embed Pods Frameworks */ = {
			isa = PBXShellScriptBuildPhase;
			buildActionMask = 2147483647;
			files = (
			);
			inputFileListPaths = (
				"${PODS_ROOT}/Target Support Files/Pods-Adam_20210303_SNP/Pods-Adam_20210303_SNP-frameworks-${CONFIGURATION}-input-files.xcfilelist",
			);
			name = "[CP] Embed Pods Frameworks";
			outputFileListPaths = (
				"${PODS_ROOT}/Target Support Files/Pods-Adam_20210303_SNP/Pods-Adam_20210303_SNP-frameworks-${CONFIGURATION}-output-files.xcfilelist",
			);
			runOnlyForDeploymentPostprocessing = 0;
			shellPath = /bin/sh;
			shellScript = "\"${PODS_ROOT}/Target Support Files/Pods-Adam_20210303_SNP/Pods-Adam_20210303_SNP-frameworks.sh\"\n";
			showEnvVarsInLog = 0;
		};
		F4C7D8E2C49441D54E62317F /* [CP] Check Pods Manifest.lock */ = {
			isa = PBXShellScriptBuildPhase;
			buildActionMask = 2147483647;
			files = (
			);
			inputFileListPaths = (
			);
			inputPaths = (
				"${PODS_PODFILE_DIR_PATH}/Podfile.lock",
				"${PODS_ROOT}/Manifest.lock",
			);
			name = "[CP] Check Pods Manifest.lock";
			outputFileListPaths = (
			);
			outputPaths = (
				"$(DERIVED_FILE_DIR)/Pods-Adam_20210303_SNP-Adam_20210303_SNPUITests-checkManifestLockResult.txt",
			);
			runOnlyForDeploymentPostprocessing = 0;
			shellPath = /bin/sh;
			shellScript = "diff \"${PODS_PODFILE_DIR_PATH}/Podfile.lock\" \"${PODS_ROOT}/Manifest.lock\" > /dev/null\nif [ $? != 0 ] ; then\n    # print error to STDERR\n    echo \"error: The sandbox is not in sync with the Podfile.lock. Run 'pod install' or update your CocoaPods installation.\" >&2\n    exit 1\nfi\n# This output is used by Xcode 'outputs' to avoid re-running this script phase.\necho \"SUCCESS\" > \"${SCRIPT_OUTPUT_FILE_0}\"\n";
			showEnvVarsInLog = 0;
		};
/* End PBXShellScriptBuildPhase section */

/* Begin PBXSourcesBuildPhase section */
		6645A30325EF7DEC000B55A9 /* Sources */ = {
			isa = PBXSourcesBuildPhase;
			buildActionMask = 2147483647;
			files = (
				6645A30F25EF7DEC000B55A9 /* ViewController.swift in Sources */,
				6645A30B25EF7DEC000B55A9 /* AppDelegate.swift in Sources */,
				6645A3F725F0A8EF000B55A9 /* SubTableViewCell.swift in Sources */,
				6645A3F225F0A802000B55A9 /* SubViewController.swift in Sources */,
				6645A30D25EF7DEC000B55A9 /* SceneDelegate.swift in Sources */,
				6645A34825EF8806000B55A9 /* SectionHeaderView.swift in Sources */,
			);
			runOnlyForDeploymentPostprocessing = 0;
		};
		6645A31925EF7DF1000B55A9 /* Sources */ = {
			isa = PBXSourcesBuildPhase;
			buildActionMask = 2147483647;
			files = (
				6645A32225EF7DF1000B55A9 /* Adam_20210303_SNPTests.swift in Sources */,
			);
			runOnlyForDeploymentPostprocessing = 0;
		};
		6645A32425EF7DF1000B55A9 /* Sources */ = {
			isa = PBXSourcesBuildPhase;
			buildActionMask = 2147483647;
			files = (
				6645A32D25EF7DF1000B55A9 /* Adam_20210303_SNPUITests.swift in Sources */,
			);
			runOnlyForDeploymentPostprocessing = 0;
		};
/* End PBXSourcesBuildPhase section */

/* Begin PBXTargetDependency section */
		6645A31F25EF7DF1000B55A9 /* PBXTargetDependency */ = {
			isa = PBXTargetDependency;
			target = 6645A30625EF7DEC000B55A9 /* Adam_20210303_SNP */;
			targetProxy = 6645A31E25EF7DF1000B55A9 /* PBXContainerItemProxy */;
		};
		6645A32A25EF7DF1000B55A9 /* PBXTargetDependency */ = {
			isa = PBXTargetDependency;
			target = 6645A30625EF7DEC000B55A9 /* Adam_20210303_SNP */;
			targetProxy = 6645A32925EF7DF1000B55A9 /* PBXContainerItemProxy */;
		};
/* End PBXTargetDependency section */

/* Begin PBXVariantGroup section */
		6645A31025EF7DEC000B55A9 /* Main.storyboard */ = {
			isa = PBXVariantGroup;
			children = (
				6645A31125EF7DEC000B55A9 /* Base */,
			);
			name = Main.storyboard;
			sourceTree = "<group>";
		};
		6645A31525EF7DF1000B55A9 /* LaunchScreen.storyboard */ = {
			isa = PBXVariantGroup;
			children = (
				6645A31625EF7DF1000B55A9 /* Base */,
			);
			name = LaunchScreen.storyboard;
			sourceTree = "<group>";
		};
/* End PBXVariantGroup section */

/* Begin XCBuildConfiguration section */
		6645A32F25EF7DF1000B55A9 /* Debug */ = {
			isa = XCBuildConfiguration;
			buildSettings = {
				ALWAYS_SEARCH_USER_PATHS = NO;
				CLANG_ANALYZER_NONNULL = YES;
				CLANG_ANALYZER_NUMBER_OBJECT_CONVERSION = YES_AGGRESSIVE;
				CLANG_CXX_LANGUAGE_STANDARD = "gnu++14";
				CLANG_CXX_LIBRARY = "libc++";
				CLANG_ENABLE_MODULES = YES;
				CLANG_ENABLE_OBJC_ARC = YES;
				CLANG_ENABLE_OBJC_WEAK = YES;
				CLANG_WARN_BLOCK_CAPTURE_AUTORELEASING = YES;
				CLANG_WARN_BOOL_CONVERSION = YES;
				CLANG_WARN_COMMA = YES;
				CLANG_WARN_CONSTANT_CONVERSION = YES;
				CLANG_WARN_DEPRECATED_OBJC_IMPLEMENTATIONS = YES;
				CLANG_WARN_DIRECT_OBJC_ISA_USAGE = YES_ERROR;
				CLANG_WARN_DOCUMENTATION_COMMENTS = YES;
				CLANG_WARN_EMPTY_BODY = YES;
				CLANG_WARN_ENUM_CONVERSION = YES;
				CLANG_WARN_INFINITE_RECURSION = YES;
				CLANG_WARN_INT_CONVERSION = YES;
				CLANG_WARN_NON_LITERAL_NULL_CONVERSION = YES;
				CLANG_WARN_OBJC_IMPLICIT_RETAIN_SELF = YES;
				CLANG_WARN_OBJC_LITERAL_CONVERSION = YES;
				CLANG_WARN_OBJC_ROOT_CLASS = YES_ERROR;
				CLANG_WARN_QUOTED_INCLUDE_IN_FRAMEWORK_HEADER = YES;
				CLANG_WARN_RANGE_LOOP_ANALYSIS = YES;
				CLANG_WARN_STRICT_PROTOTYPES = YES;
				CLANG_WARN_SUSPICIOUS_MOVE = YES;
				CLANG_WARN_UNGUARDED_AVAILABILITY = YES_AGGRESSIVE;
				CLANG_WARN_UNREACHABLE_CODE = YES;
				CLANG_WARN__DUPLICATE_METHOD_MATCH = YES;
				COPY_PHASE_STRIP = NO;
				DEBUG_INFORMATION_FORMAT = dwarf;
				ENABLE_STRICT_OBJC_MSGSEND = YES;
				ENABLE_TESTABILITY = YES;
				GCC_C_LANGUAGE_STANDARD = gnu11;
				GCC_DYNAMIC_NO_PIC = NO;
				GCC_NO_COMMON_BLOCKS = YES;
				GCC_OPTIMIZATION_LEVEL = 0;
				GCC_PREPROCESSOR_DEFINITIONS = (
					"DEBUG=1",
					"$(inherited)",
				);
				GCC_WARN_64_TO_32_BIT_CONVERSION = YES;
				GCC_WARN_ABOUT_RETURN_TYPE = YES_ERROR;
				GCC_WARN_UNDECLARED_SELECTOR = YES;
				GCC_WARN_UNINITIALIZED_AUTOS = YES_AGGRESSIVE;
				GCC_WARN_UNUSED_FUNCTION = YES;
				GCC_WARN_UNUSED_VARIABLE = YES;
				IPHONEOS_DEPLOYMENT_TARGET = 14.3;
				MTL_ENABLE_DEBUG_INFO = INCLUDE_SOURCE;
				MTL_FAST_MATH = YES;
				ONLY_ACTIVE_ARCH = YES;
				SDKROOT = iphoneos;
				SWIFT_ACTIVE_COMPILATION_CONDITIONS = DEBUG;
				SWIFT_OPTIMIZATION_LEVEL = "-Onone";
			};
			name = Debug;
		};
		6645A33025EF7DF1000B55A9 /* Release */ = {
			isa = XCBuildConfiguration;
			buildSettings = {
				ALWAYS_SEARCH_USER_PATHS = NO;
				CLANG_ANALYZER_NONNULL = YES;
				CLANG_ANALYZER_NUMBER_OBJECT_CONVERSION = YES_AGGRESSIVE;
				CLANG_CXX_LANGUAGE_STANDARD = "gnu++14";
				CLANG_CXX_LIBRARY = "libc++";
				CLANG_ENABLE_MODULES = YES;
				CLANG_ENABLE_OBJC_ARC = YES;
				CLANG_ENABLE_OBJC_WEAK = YES;
				CLANG_WARN_BLOCK_CAPTURE_AUTORELEASING = YES;
				CLANG_WARN_BOOL_CONVERSION = YES;
				CLANG_WARN_COMMA = YES;
				CLANG_WARN_CONSTANT_CONVERSION = YES;
				CLANG_WARN_DEPRECATED_OBJC_IMPLEMENTATIONS = YES;
				CLANG_WARN_DIRECT_OBJC_ISA_USAGE = YES_ERROR;
				CLANG_WARN_DOCUMENTATION_COMMENTS = YES;
				CLANG_WARN_EMPTY_BODY = YES;
				CLANG_WARN_ENUM_CONVERSION = YES;
				CLANG_WARN_INFINITE_RECURSION = YES;
				CLANG_WARN_INT_CONVERSION = YES;
				CLANG_WARN_NON_LITERAL_NULL_CONVERSION = YES;
				CLANG_WARN_OBJC_IMPLICIT_RETAIN_SELF = YES;
				CLANG_WARN_OBJC_LITERAL_CONVERSION = YES;
				CLANG_WARN_OBJC_ROOT_CLASS = YES_ERROR;
				CLANG_WARN_QUOTED_INCLUDE_IN_FRAMEWORK_HEADER = YES;
				CLANG_WARN_RANGE_LOOP_ANALYSIS = YES;
				CLANG_WARN_STRICT_PROTOTYPES = YES;
				CLANG_WARN_SUSPICIOUS_MOVE = YES;
				CLANG_WARN_UNGUARDED_AVAILABILITY = YES_AGGRESSIVE;
				CLANG_WARN_UNREACHABLE_CODE = YES;
				CLANG_WARN__DUPLICATE_METHOD_MATCH = YES;
				COPY_PHASE_STRIP = NO;
				DEBUG_INFORMATION_FORMAT = "dwarf-with-dsym";
				ENABLE_NS_ASSERTIONS = NO;
				ENABLE_STRICT_OBJC_MSGSEND = YES;
				GCC_C_LANGUAGE_STANDARD = gnu11;
				GCC_NO_COMMON_BLOCKS = YES;
				GCC_WARN_64_TO_32_BIT_CONVERSION = YES;
				GCC_WARN_ABOUT_RETURN_TYPE = YES_ERROR;
				GCC_WARN_UNDECLARED_SELECTOR = YES;
				GCC_WARN_UNINITIALIZED_AUTOS = YES_AGGRESSIVE;
				GCC_WARN_UNUSED_FUNCTION = YES;
				GCC_WARN_UNUSED_VARIABLE = YES;
				IPHONEOS_DEPLOYMENT_TARGET = 14.3;
				MTL_ENABLE_DEBUG_INFO = NO;
				MTL_FAST_MATH = YES;
				SDKROOT = iphoneos;
				SWIFT_COMPILATION_MODE = wholemodule;
				SWIFT_OPTIMIZATION_LEVEL = "-O";
				VALIDATE_PRODUCT = YES;
			};
			name = Release;
		};
		6645A33225EF7DF1000B55A9 /* Debug */ = {
			isa = XCBuildConfiguration;
			baseConfigurationReference = 96E1BB3B8E18F782E916C9BB /* Pods-Adam_20210303_SNP.debug.xcconfig */;
			buildSettings = {
				ASSETCATALOG_COMPILER_APPICON_NAME = AppIcon;
				ASSETCATALOG_COMPILER_GLOBAL_ACCENT_COLOR_NAME = AccentColor;
				CODE_SIGN_STYLE = Automatic;
				INFOPLIST_FILE = Adam_20210303_SNP/Info.plist;
				IPHONEOS_DEPLOYMENT_TARGET = 13.0;
				LD_RUNPATH_SEARCH_PATHS = (
					"$(inherited)",
					"@executable_path/Frameworks",
				);
				PRODUCT_BUNDLE_IDENTIFIER = "com.nikoyo.www.Adam-20210303-SNP";
				PRODUCT_NAME = "$(TARGET_NAME)";
				SWIFT_VERSION = 5.0;
				TARGETED_DEVICE_FAMILY = "1,2";
			};
			name = Debug;
		};
		6645A33325EF7DF1000B55A9 /* Release */ = {
			isa = XCBuildConfiguration;
			baseConfigurationReference = 10B5475C8C9D641F747B0426 /* Pods-Adam_20210303_SNP.release.xcconfig */;
			buildSettings = {
				ASSETCATALOG_COMPILER_APPICON_NAME = AppIcon;
				ASSETCATALOG_COMPILER_GLOBAL_ACCENT_COLOR_NAME = AccentColor;
				CODE_SIGN_STYLE = Automatic;
				INFOPLIST_FILE = Adam_20210303_SNP/Info.plist;
				IPHONEOS_DEPLOYMENT_TARGET = 13.0;
				LD_RUNPATH_SEARCH_PATHS = (
					"$(inherited)",
					"@executable_path/Frameworks",
				);
				PRODUCT_BUNDLE_IDENTIFIER = "com.nikoyo.www.Adam-20210303-SNP";
				PRODUCT_NAME = "$(TARGET_NAME)";
				SWIFT_VERSION = 5.0;
				TARGETED_DEVICE_FAMILY = "1,2";
			};
			name = Release;
		};
		6645A33525EF7DF1000B55A9 /* Debug */ = {
			isa = XCBuildConfiguration;
			baseConfigurationReference = D76A9E7F587C935970FA60B3 /* Pods-Adam_20210303_SNPTests.debug.xcconfig */;
			buildSettings = {
				ALWAYS_EMBED_SWIFT_STANDARD_LIBRARIES = YES;
				BUNDLE_LOADER = "$(TEST_HOST)";
				CODE_SIGN_STYLE = Automatic;
				INFOPLIST_FILE = Adam_20210303_SNPTests/Info.plist;
				IPHONEOS_DEPLOYMENT_TARGET = 14.3;
				LD_RUNPATH_SEARCH_PATHS = (
					"$(inherited)",
					"@executable_path/Frameworks",
					"@loader_path/Frameworks",
				);
				PRODUCT_BUNDLE_IDENTIFIER = "com.nikoyo.www.Adam-20210303-SNPTests";
				PRODUCT_NAME = "$(TARGET_NAME)";
				SWIFT_VERSION = 5.0;
				TARGETED_DEVICE_FAMILY = "1,2";
				TEST_HOST = "$(BUILT_PRODUCTS_DIR)/Adam_20210303_SNP.app/Adam_20210303_SNP";
			};
			name = Debug;
		};
		6645A33625EF7DF1000B55A9 /* Release */ = {
			isa = XCBuildConfiguration;
			baseConfigurationReference = 3AA842EAE2257FDB9265E97C /* Pods-Adam_20210303_SNPTests.release.xcconfig */;
			buildSettings = {
				ALWAYS_EMBED_SWIFT_STANDARD_LIBRARIES = YES;
				BUNDLE_LOADER = "$(TEST_HOST)";
				CODE_SIGN_STYLE = Automatic;
				INFOPLIST_FILE = Adam_20210303_SNPTests/Info.plist;
				IPHONEOS_DEPLOYMENT_TARGET = 14.3;
				LD_RUNPATH_SEARCH_PATHS = (
					"$(inherited)",
					"@executable_path/Frameworks",
					"@loader_path/Frameworks",
				);
				PRODUCT_BUNDLE_IDENTIFIER = "com.nikoyo.www.Adam-20210303-SNPTests";
				PRODUCT_NAME = "$(TARGET_NAME)";
				SWIFT_VERSION = 5.0;
				TARGETED_DEVICE_FAMILY = "1,2";
				TEST_HOST = "$(BUILT_PRODUCTS_DIR)/Adam_20210303_SNP.app/Adam_20210303_SNP";
			};
			name = Release;
		};
		6645A33825EF7DF1000B55A9 /* Debug */ = {
			isa = XCBuildConfiguration;
			baseConfigurationReference = 7C4E025A10A13E57E827BBE0 /* Pods-Adam_20210303_SNP-Adam_20210303_SNPUITests.debug.xcconfig */;
			buildSettings = {
				ALWAYS_EMBED_SWIFT_STANDARD_LIBRARIES = YES;
				CODE_SIGN_STYLE = Automatic;
				INFOPLIST_FILE = Adam_20210303_SNPUITests/Info.plist;
				LD_RUNPATH_SEARCH_PATHS = (
					"$(inherited)",
					"@executable_path/Frameworks",
					"@loader_path/Frameworks",
				);
				PRODUCT_BUNDLE_IDENTIFIER = "com.nikoyo.www.Adam-20210303-SNPUITests";
				PRODUCT_NAME = "$(TARGET_NAME)";
				SWIFT_VERSION = 5.0;
				TARGETED_DEVICE_FAMILY = "1,2";
				TEST_TARGET_NAME = Adam_20210303_SNP;
			};
			name = Debug;
		};
		6645A33925EF7DF1000B55A9 /* Release */ = {
			isa = XCBuildConfiguration;
			baseConfigurationReference = 2246D803736956BBBDEDECB2 /* Pods-Adam_20210303_SNP-Adam_20210303_SNPUITests.release.xcconfig */;
			buildSettings = {
				ALWAYS_EMBED_SWIFT_STANDARD_LIBRARIES = YES;
				CODE_SIGN_STYLE = Automatic;
				INFOPLIST_FILE = Adam_20210303_SNPUITests/Info.plist;
				LD_RUNPATH_SEARCH_PATHS = (
					"$(inherited)",
					"@executable_path/Frameworks",
					"@loader_path/Frameworks",
				);
				PRODUCT_BUNDLE_IDENTIFIER = "com.nikoyo.www.Adam-20210303-SNPUITests";
				PRODUCT_NAME = "$(TARGET_NAME)";
				SWIFT_VERSION = 5.0;
				TARGETED_DEVICE_FAMILY = "1,2";
				TEST_TARGET_NAME = Adam_20210303_SNP;
			};
			name = Release;
		};
/* End XCBuildConfiguration section */

/* Begin XCConfigurationList section */
		6645A30225EF7DEC000B55A9 /* Build configuration list for PBXProject "Adam_20210303_SNP" */ = {
			isa = XCConfigurationList;
			buildConfigurations = (
				6645A32F25EF7DF1000B55A9 /* Debug */,
				6645A33025EF7DF1000B55A9 /* Release */,
			);
			defaultConfigurationIsVisible = 0;
			defaultConfigurationName = Release;
		};
		6645A33125EF7DF1000B55A9 /* Build configuration list for PBXNativeTarget "Adam_20210303_SNP" */ = {
			isa = XCConfigurationList;
			buildConfigurations = (
				6645A33225EF7DF1000B55A9 /* Debug */,
				6645A33325EF7DF1000B55A9 /* Release */,
			);
			defaultConfigurationIsVisible = 0;
			defaultConfigurationName = Release;
		};
		6645A33425EF7DF1000B55A9 /* Build configuration list for PBXNativeTarget "Adam_20210303_SNPTests" */ = {
			isa = XCConfigurationList;
			buildConfigurations = (
				6645A33525EF7DF1000B55A9 /* Debug */,
				6645A33625EF7DF1000B55A9 /* Release */,
			);
			defaultConfigurationIsVisible = 0;
			defaultConfigurationName = Release;
		};
		6645A33725EF7DF1000B55A9 /* Build configuration list for PBXNativeTarget "Adam_20210303_SNPUITests" */ = {
			isa = XCConfigurationList;
			buildConfigurations = (
				6645A33825EF7DF1000B55A9 /* Debug */,
				6645A33925EF7DF1000B55A9 /* Release */,
			);
			defaultConfigurationIsVisible = 0;
			defaultConfigurationName = Release;
		};
/* End XCConfigurationList section */
	};
	rootObject = 6645A2FF25EF7DEC000B55A9 /* Project object */;
}
